
Microsoft Visual Studio Solution File, Format Version 12.00
# Visual Studio 15
VisualStudioVersion = 15.0.28307.136
MinimumVisualStudioVersion = 10.0.40219.1
Project("{FAE04EC0-301F-11D3-BF4B-00C04F79EFBC}") = "ArvutiKomplektid", "ArvutiKomplektid\ArvutiKomplektid.csproj", "{970BFFAE-A9CA-4B8D-9AF0-0A7807647DF4}"
EndProject
Project("{FAE04EC0-301F-11D3-BF4B-00C04F79EFBC}") = "ArvutiKomplektid.Tests", "ArvutiKomplektid.Tests\ArvutiKomplektid.Tests.csproj", "{C600F370-796B-4C43-87D8-7E8D30C78472}"
EndProject
Global
	GlobalSection(SolutionConfigurationPlatforms) = preSolution
		Debug|Any CPU = Debug|Any CPU
		Release|Any CPU = Release|Any CPU
	EndGlobalSection
	GlobalSection(ProjectConfigurationPlatforms) = postSolution
		{970BFFAE-A9CA-4B8D-9AF0-0A7807647DF4}.Debug|Any CPU.ActiveCfg = Debug|Any CPU
		{970BFFAE-A9CA-4B8D-9AF0-0A7807647DF4}.Debug|Any CPU.Build.0 = Debug|Any CPU
		{970BFFAE-A9CA-4B8D-9AF0-0A7807647DF4}.Release|Any CPU.ActiveCfg = Release|Any CPU
		{970BFFAE-A9CA-4B8D-9AF0-0A7807647DF4}.Release|Any CPU.Build.0 = Release|Any CPU
		{C600F370-796B-4C43-87D8-7E8D30C78472}.Debug|Any CPU.ActiveCfg = Debug|Any CPU
		{C600F370-796B-4C43-87D8-7E8D30C78472}.Debug|Any CPU.Build.0 = Debug|Any CPU
		{C600F370-796B-4C43-87D8-7E8D30C78472}.Release|Any CPU.ActiveCfg = Release|Any CPU
		{C600F370-796B-4C43-87D8-7E8D30C78472}.Release|Any CPU.Build.0 = Release|Any CPU
	EndGlobalSection
	GlobalSection(SolutionProperties) = preSolution
		HideSolutionNode = FALSE
	EndGlobalSection
	GlobalSection(ExtensibilityGlobals) = postSolution
		SolutionGuid = {1B74A6ED-0338-4AF2-9CFB-C09C56B55FDE}
	EndGlobalSection
EndGlobal
